{
  "requires": true,
  "lockfileVersion": 1,
  "dependencies": {
    "actioncable": {
      "version": "5.2.4-2",
      "resolved": "https://registry.npmjs.org/actioncable/-/actioncable-5.2.4-2.tgz",
      "integrity": "sha512-tq2WNngBruV7uxCRCHTg+DDdrgG1ynSymV+2m8ocfnD0EiUx8C/BMuf/xsnfKAhNWZsKvcPZsIUGbVSjhGwhuA=="
    }
  }
}
